// !$*UTF8*$!
{
	archiveVersion = 1;
	classes = {
	};
	objectVersion = 77;
	objects = {

/* Begin PBXBuildFile section */
		AE22FF352F94D6F30022227A /* FirebaseMessaging in Frameworks */ = {isa = PBXBuildFile; productRef = AE22FF342F94D6F30022227A /* FirebaseMessaging */; };
		AE22FF372F94E4F90022227A /* FirebaseFunctions in Frameworks */ = {isa = PBXBuildFile; productRef = AE22FF362F94E4F90022227A /* FirebaseFunctions */; };
		AE6E65552F89A264003D6406 /* GoogleSignIn in Frameworks */ = {isa = PBXBuildFile; productRef = AE6E65542F89A264003D6406 /* GoogleSignIn */; };
		AE6E65572F89A264003D6406 /* GoogleSignInSwift in Frameworks */ = {isa = PBXBuildFile; productRef = AE6E65562F89A264003D6406 /* GoogleSignInSwift */; };
		AE6E66242F89B752003D6406 /* FirebaseCore in Frameworks */ = {isa = PBXBuildFile; productRef = AE6E66232F89B752003D6406 /* FirebaseCore */; };
		AE6E66262F89B76D003D6406 /* FirebaseAuth in Frameworks */ = {isa = PBXBuildFile; productRef = AE6E66252F89B76D003D6406 /* FirebaseAuth */; };
		AE6E66282F89B788003D6406 /* FirebaseFirestore in Frameworks */ = {isa = PBXBuildFile; productRef = AE6E66272F89B788003D6406 /* FirebaseFirestore */; };
		AE6E662A2F89B7A0003D6406 /* FirebaseStorage in Frameworks */ = {isa = PBXBuildFile; productRef = AE6E66292F89B7A0003D6406 /* FirebaseStorage */; };
		AE7E3FB02F92005700736FFD /* FirebaseAppCheck in Frameworks */ = {isa = PBXBuildFile; productRef = AE7E3FAF2F92005700736FFD /* FirebaseAppCheck */; };
/* End PBXBuildFile section */

/* Begin PBXContainerItemProxy section */
		AEF100062F8CC00000100001 /* PBXContainerItemProxy */ = {
			isa = PBXContainerItemProxy;
			containerPortal = AE7B86A12F8593FA00487A85 /* Project object */;
			proxyType = 1;
			remoteGlobalIDString = AE7B86A82F8593FA00487A85;
			remoteInfo = Resonance;
		};
/* End PBXContainerItemProxy section */

/* Begin PBXFileReference section */
		AE7B86A92F8593FA00487A85 /* Resonance.app */ = {isa = PBXFileReference; explicitFileType = wrapper.application; includeInIndex = 0; path = Resonance.app; sourceTree = BUILT_PRODUCTS_DIR; };
		AEF100012F8CC00000100001 /* ResonanceTests.xctest */ = {isa = PBXFileReference; explicitFileType = wrapper.cfbundle; includeInIndex = 0; path = ResonanceTests.xctest; sourceTree = BUILT_PRODUCTS_DIR; };
/* End PBXFileReference section */

/* Begin PBXFileSystemSynchronizedBuildFileExceptionSet section */
		AE7B86B82F85976500487A85 /* Exceptions for "Resonance" folder in "Resonance" target */ = {
			isa = PBXFileSystemSynchronizedBuildFileExceptionSet;
			membershipExceptions = (
				Info.plist,
			);
			target = AE7B86A82F8593FA00487A85 /* Resonance */;
		};
/* End PBXFileSystemSynchronizedBuildFileExceptionSet section */

/* Begin PBXFileSystemSynchronizedRootGroup section */
		AE7B86AB2F8593FA00487A85 /* Resonance */ = {
			isa = PBXFileSystemSynchronizedRootGroup;
			exceptions = (
				AE7B86B82F85976500487A85 /* Exceptions for "Resonance" folder in "Resonance" target */,
			);
			path = Resonance;
			sourceTree = "<group>";
		};
		AEF100022F8CC00000100001 /* ResonanceTests */ = {
			isa = PBXFileSystemSynchronizedRootGroup;
			path = ResonanceTests;
			sourceTree = "<group>";
		};
/* End PBXFileSystemSynchronizedRootGroup section */

/* Begin PBXFrameworksBuildPhase section */
		AE7B86A62F8593FA00487A85 /* Frameworks */ = {
			isa = PBXFrameworksBuildPhase;
			buildActionMask = 2147483647;
			files = (
				AE22FF352F94D6F30022227A /* FirebaseMessaging in Frameworks */,
				AE6E65552F89A264003D6406 /* GoogleSignIn in Frameworks */,
				AE6E66242F89B752003D6406 /* FirebaseCore in Frameworks */,
				AE22FF372F94E4F90022227A /* FirebaseFunctions in Frameworks */,
				AE6E65572F89A264003D6406 /* GoogleSignInSwift in Frameworks */,
				AE6E66282F89B788003D6406 /* FirebaseFirestore in Frameworks */,
				AE7E3FB02F92005700736FFD /* FirebaseAppCheck in Frameworks */,
				AE6E662A2F89B7A0003D6406 /* FirebaseStorage in Frameworks */,
				AE6E66262F89B76D003D6406 /* FirebaseAuth in Frameworks */,
			);
			runOnlyForDeploymentPostprocessing = 0;
		};
		AEF100042F8CC00000100001 /* Frameworks */ = {
			isa = PBXFrameworksBuildPhase;
			buildActionMask = 2147483647;
			files = (
			);
			runOnlyForDeploymentPostprocessing = 0;
		};
/* End PBXFrameworksBuildPhase section */

/* Begin PBXGroup section */
		AE6E66222F89B752003D6406 /* Frameworks */ = {
			isa = PBXGroup;
			children = (
			);
			name = Frameworks;
			sourceTree = "<group>";
		};
		AE7B86A02F8593FA00487A85 = {
			isa = PBXGroup;
			children = (
				AE7B86AB2F8593FA00487A85 /* Resonance */,
				AEF100022F8CC00000100001 /* ResonanceTests */,
				AE6E66222F89B752003D6406 /* Frameworks */,
				AE7B86AA2F8593FA00487A85 /* Products */,
			);
			sourceTree = "<group>";
		};
		AE7B86AA2F8593FA00487A85 /* Products */ = {
			isa = PBXGroup;
			children = (
				AE7B86A92F8593FA00487A85 /* Resonance.app */,
				AEF100012F8CC00000100001 /* ResonanceTests.xctest */,
			);
			name = Products;
			sourceTree = "<group>";
		};
/* End PBXGroup section */

/* Begin PBXNativeTarget section */
		AE7B86A82F8593FA00487A85 /* Resonance */ = {
			isa = PBXNativeTarget;
			buildConfigurationList = AE7B86B42F8593FC00487A85 /* Build configuration list for PBXNativeTarget "Resonance" */;
			buildPhases = (
				AE7B86A52F8593FA00487A85 /* Sources */,
				AE7B86A62F8593FA00487A85 /* Frameworks */,
				AE7B86A72F8593FA00487A85 /* Resources */,
			);
			buildRules = (
			);
			dependencies = (
			);
			fileSystemSynchronizedGroups = (
				AE7B86AB2F8593FA00487A85 /* Resonance */,
			);
			name = Resonance;
			packageProductDependencies = (
				AE6E65542F89A264003D6406 /* GoogleSignIn */,
				AE6E65562F89A264003D6406 /* GoogleSignInSwift */,
				AE6E66232F89B752003D6406 /* FirebaseCore */,
				AE6E66252F89B76D003D6406 /* FirebaseAuth */,
				AE6E66272F89B788003D6406 /* FirebaseFirestore */,
				AE6E66292F89B7A0003D6406 /* FirebaseStorage */,
				AE7E3FAF2F92005700736FFD /* FirebaseAppCheck */,
				AE22FF342F94D6F30022227A /* FirebaseMessaging */,
				AE22FF362F94E4F90022227A /* FirebaseFunctions */,
			);
			productName = Resonance;
			productReference = AE7B86A92F8593FA00487A85 /* Resonance.app */;
			productType = "com.apple.product-type.application";
		};
		AEF100082F8CC00000100001 /* ResonanceTests */ = {
			isa = PBXNativeTarget;
			buildConfigurationList = AEF1000B2F8CC00000100001 /* Build configuration list for PBXNativeTarget "ResonanceTests" */;
			buildPhases = (
				AEF100032F8CC00000100001 /* Sources */,
				AEF100042F8CC00000100001 /* Frameworks */,
				AEF100052F8CC00000100001 /* Resources */,
			);
			buildRules = (
			);
			dependencies = (
				AEF100072F8CC00000100001 /* PBXTargetDependency */,
			);
			fileSystemSynchronizedGroups = (
				AEF100022F8CC00000100001 /* ResonanceTests */,
			);
			name = ResonanceTests;
			productName = ResonanceTests;
			productReference = AEF100012F8CC00000100001 /* ResonanceTests.xctest */;
			productType = "com.apple.product-type.bundle.unit-test";
		};
/* End PBXNativeTarget section */

/* Begin PBXProject section */
		AE7B86A12F8593FA00487A85 /* Project object */ = {
			isa = PBXProject;
			attributes = {
				BuildIndependentTargetsInParallel = 1;
				LastSwiftUpdateCheck = 2640;
				LastUpgradeCheck = 2640;
				TargetAttributes = {
					AE7B86A82F8593FA00487A85 = {
						CreatedOnToolsVersion = 26.4;
					};
					AEF100082F8CC00000100001 = {
						CreatedOnToolsVersion = 26.4;
						TestTargetID = AE7B86A82F8593FA00487A85;
					};
				};
			};
			buildConfigurationList = AE7B86A42F8593FA00487A85 /* Build configuration list for PBXProject "Resonance" */;
			developmentRegion = en;
			hasScannedForEncodings = 0;
			knownRegions = (
				en,
				Base,
			);
			mainGroup = AE7B86A02F8593FA00487A85;
			minimizedProjectReferenceProxies = 1;
			packageReferences = (
				AE6E65512F899BDF003D6406 /* XCRemoteSwiftPackageReference "firebase-ios-sdk" */,
				AE6E65532F89A264003D6406 /* XCRemoteSwiftPackageReference "GoogleSignIn-iOS" */,
			);
			preferredProjectObjectVersion = 77;
			productRefGroup = AE7B86AA2F8593FA00487A85 /* Products */;
			projectDirPath = "";
			projectRoot = "";
			targets = (
				AE7B86A82F8593FA00487A85 /* Resonance */,
				AEF100082F8CC00000100001 /* ResonanceTests */,
			);
		};
/* End PBXProject section */

/* Begin PBXResourcesBuildPhase section */
		AE7B86A72F8593FA00487A85 /* Resources */ = {
			isa = PBXResourcesBuildPhase;
			buildActionMask = 2147483647;
			files = (
			);
			runOnlyForDeploymentPostprocessing = 0;
		};
		AEF100052F8CC00000100001 /* Resources */ = {
			isa = PBXResourcesBuildPhase;
			buildActionMask = 2147483647;
			files = (
			);
			runOnlyForDeploymentPostprocessing = 0;
		};
/* End PBXResourcesBuildPhase section */

/* Begin PBXSourcesBuildPhase section */
		AE7B86A52F8593FA00487A85 /* Sources */ = {
			isa = PBXSourcesBuildPhase;
			buildActionMask = 2147483647;
			files = (
			);
			runOnlyForDeploymentPostprocessing = 0;
		};
		AEF100032F8CC00000100001 /* Sources */ = {
			isa = PBXSourcesBuildPhase;
			buildActionMask = 2147483647;
			files = (
			);
			runOnlyForDeploymentPostprocessing = 0;
		};
/* End PBXSourcesBuildPhase section */

/* Begin PBXTargetDependency section */
		AEF100072F8CC00000100001 /* PBXTargetDependency */ = {
			isa = PBXTargetDependency;
			target = AE7B86A82F8593FA00487A85 /* Resonance */;
			targetProxy = AEF100062F8CC00000100001 /* PBXContainerItemProxy */;
		};
/* End PBXTargetDependency section */

/* Begin XCBuildConfiguration section */
		AE7B86B22F8593FC00487A85 /* Debug */ = {
			isa = XCBuildConfiguration;
			buildSettings = {
				ALWAYS_SEARCH_USER_PATHS = NO;
				ASSETCATALOG_COMPILER_GENERATE_SWIFT_ASSET_SYMBOL_EXTENSIONS = YES;
				CLANG_ANALYZER_NONNULL = YES;
				CLANG_ANALYZER_NUMBER_OBJECT_CONVERSION = YES_AGGRESSIVE;
				CLANG_CXX_LANGUAGE_STANDARD = "gnu++20";
				CLANG_ENABLE_MODULES = YES;
				CLANG_ENABLE_OBJC_ARC = YES;
				CLANG_ENABLE_OBJC_WEAK = YES;
				CLANG_WARN_BLOCK_CAPTURE_AUTORELEASING = YES;
				CLANG_WARN_BOOL_CONVERSION = YES;
				CLANG_WARN_COMMA = YES;
				CLANG_WARN_CONSTANT_CONVERSION = YES;
				CLANG_WARN_DEPRECATED_OBJC_IMPLEMENTATIONS = YES;
				CLANG_WARN_DIRECT_OBJC_ISA_USAGE = YES_ERROR;
				CLANG_WARN_DOCUMENTATION_COMMENTS = YES;
				CLANG_WARN_EMPTY_BODY = YES;
				CLANG_WARN_ENUM_CONVERSION = YES;
				CLANG_WARN_INFINITE_RECURSION = YES;
				CLANG_WARN_INT_CONVERSION = YES;
				CLANG_WARN_NON_LITERAL_NULL_CONVERSION = YES;
				CLANG_WARN_OBJC_IMPLICIT_RETAIN_SELF = YES;
				CLANG_WARN_OBJC_LITERAL_CONVERSION = YES;
				CLANG_WARN_OBJC_ROOT_CLASS = YES_ERROR;
				CLANG_WARN_QUOTED_INCLUDE_IN_FRAMEWORK_HEADER = YES;
				CLANG_WARN_RANGE_LOOP_ANALYSIS = YES;
				CLANG_WARN_STRICT_PROTOTYPES = YES;
				CLANG_WARN_SUSPICIOUS_MOVE = YES;
				CLANG_WARN_UNGUARDED_AVAILABILITY = YES_AGGRESSIVE;
				CLANG_WARN_UNREACHABLE_CODE = YES;
				CLANG_WARN__DUPLICATE_METHOD_MATCH = YES;
				COPY_PHASE_STRIP = NO;
				DEBUG_INFORMATION_FORMAT = dwarf;
				DEVELOPMENT_TEAM = J8B37RB4S6;
				ENABLE_STRICT_OBJC_MSGSEND = YES;
				ENABLE_TESTABILITY = YES;
				ENABLE_USER_SCRIPT_SANDBOXING = YES;
				GCC_C_LANGUAGE_STANDARD = gnu17;
				GCC_DYNAMIC_NO_PIC = NO;
				GCC_NO_COMMON_BLOCKS = YES;
				GCC_OPTIMIZATION_LEVEL = 0;
				GCC_PREPROCESSOR_DEFINITIONS = (
					"DEBUG=1",
					"$(inherited)",
				);
				GCC_WARN_64_TO_32_BIT_CONVERSION = YES;
				GCC_WARN_ABOUT_RETURN_TYPE = YES_ERROR;
				GCC_WARN_UNDECLARED_SELECTOR = YES;
				GCC_WARN_UNINITIALIZED_AUTOS = YES_AGGRESSIVE;
				GCC_WARN_UNUSED_FUNCTION = YES;
				GCC_WARN_UNUSED_VARIABLE = YES;
				IPHONEOS_DEPLOYMENT_TARGET = 26.4;
				LOCALIZATION_PREFERS_STRING_CATALOGS = YES;
				MTL_ENABLE_DEBUG_INFO = INCLUDE_SOURCE;
				MTL_FAST_MATH = YES;
				ONLY_ACTIVE_ARCH = YES;
				SDKROOT = iphoneos;
				SWIFT_ACTIVE_COMPILATION_CONDITIONS = "DEBUG $(inherited)";
				SWIFT_OPTIMIZATION_LEVEL = "-Onone";
			};
			name = Debug;
		};
		AE7B86B32F8593FC00487A85 /* Release */ = {
			isa = XCBuildConfiguration;
			buildSettings = {
				ALWAYS_SEARCH_USER_PATHS = NO;
				ASSETCATALOG_COMPILER_GENERATE_SWIFT_ASSET_SYMBOL_EXTENSIONS = YES;
				CLANG_ANALYZER_NONNULL = YES;
				CLANG_ANALYZER_NUMBER_OBJECT_CONVERSION = YES_AGGRESSIVE;
				CLANG_CXX_LANGUAGE_STANDARD = "gnu++20";
				CLANG_ENABLE_MODULES = YES;
				CLANG_ENABLE_OBJC_ARC = YES;
				CLANG_ENABLE_OBJC_WEAK = YES;
				CLANG_WARN_BLOCK_CAPTURE_AUTORELEASING = YES;
				CLANG_WARN_BOOL_CONVERSION = YES;
				CLANG_WARN_COMMA = YES;
				CLANG_WARN_CONSTANT_CONVERSION = YES;
				CLANG_WARN_DEPRECATED_OBJC_IMPLEMENTATIONS = YES;
				CLANG_WARN_DIRECT_OBJC_ISA_USAGE = YES_ERROR;
				CLANG_WARN_DOCUMENTATION_COMMENTS = YES;
				CLANG_WARN_EMPTY_BODY = YES;
				CLANG_WARN_ENUM_CONVERSION = YES;
				CLANG_WARN_INFINITE_RECURSION = YES;
				CLANG_WARN_INT_CONVERSION = YES;
				CLANG_WARN_NON_LITERAL_NULL_CONVERSION = YES;
				CLANG_WARN_OBJC_IMPLICIT_RETAIN_SELF = YES;
				CLANG_WARN_OBJC_LITERAL_CONVERSION = YES;
				CLANG_WARN_OBJC_ROOT_CLASS = YES_ERROR;
				CLANG_WARN_QUOTED_INCLUDE_IN_FRAMEWORK_HEADER = YES;
				CLANG_WARN_RANGE_LOOP_ANALYSIS = YES;
				CLANG_WARN_STRICT_PROTOTYPES = YES;
				CLANG_WARN_SUSPICIOUS_MOVE = YES;
				CLANG_WARN_UNGUARDED_AVAILABILITY = YES_AGGRESSIVE;
				CLANG_WARN_UNREACHABLE_CODE = YES;
				CLANG_WARN__DUPLICATE_METHOD_MATCH = YES;
				COPY_PHASE_STRIP = NO;
				DEBUG_INFORMATION_FORMAT = "dwarf-with-dsym";
				DEVELOPMENT_TEAM = J8B37RB4S6;
				ENABLE_NS_ASSERTIONS = NO;
				ENABLE_STRICT_OBJC_MSGSEND = YES;
				ENABLE_USER_SCRIPT_SANDBOXING = YES;
				GCC_C_LANGUAGE_STANDARD = gnu17;
				GCC_NO_COMMON_BLOCKS = YES;
				GCC_WARN_64_TO_32_BIT_CONVERSION = YES;
				GCC_WARN_ABOUT_RETURN_TYPE = YES_ERROR;
				GCC_WARN_UNDECLARED_SELECTOR = YES;
				GCC_WARN_UNINITIALIZED_AUTOS = YES_AGGRESSIVE;
				GCC_WARN_UNUSED_FUNCTION = YES;
				GCC_WARN_UNUSED_VARIABLE = YES;
				IPHONEOS_DEPLOYMENT_TARGET = 26.4;
				LOCALIZATION_PREFERS_STRING_CATALOGS = YES;
				MTL_ENABLE_DEBUG_INFO = NO;
				MTL_FAST_MATH = YES;
				SDKROOT = iphoneos;
				SWIFT_COMPILATION_MODE = wholemodule;
				VALIDATE_PRODUCT = YES;
			};
			name = Release;
		};
		AE7B86B52F8593FC00487A85 /* Debug */ = {
			isa = XCBuildConfiguration;
			buildSettings = {
				ASSETCATALOG_COMPILER_APPICON_NAME = AppIcon;
				ASSETCATALOG_COMPILER_GLOBAL_ACCENT_COLOR_NAME = AccentColor;
				CODE_SIGN_ENTITLEMENTS = Resonance/Resonance.entitlements;
				CODE_SIGN_IDENTITY = "Apple Development";
				CODE_SIGN_STYLE = Automatic;
				CURRENT_PROJECT_VERSION = 1;
				DEVELOPMENT_TEAM = J8B37RB4S6;
				ENABLE_PREVIEWS = YES;
				GENERATE_INFOPLIST_FILE = YES;
				INFOPLIST_FILE = Resonance/Info.plist;
				INFOPLIST_KEY_NSAppleMusicUsageDescription = "Resonance need access to Apple Music library to use Apple Music features";
				INFOPLIST_KEY_UIApplicationSceneManifest_Generation = YES;
				INFOPLIST_KEY_UIApplicationSupportsIndirectInputEvents = YES;
				INFOPLIST_KEY_UILaunchScreen_Generation = YES;
				INFOPLIST_KEY_UISupportedInterfaceOrientations_iPad = "UIInterfaceOrientationPortrait UIInterfaceOrientationPortraitUpsideDown UIInterfaceOrientationLandscapeLeft UIInterfaceOrientationLandscapeRight";
				INFOPLIST_KEY_UISupportedInterfaceOrientations_iPhone = "UIInterfaceOrientationPortrait UIInterfaceOrientationLandscapeLeft UIInterfaceOrientationLandscapeRight";
				LD_RUNPATH_SEARCH_PATHS = (
					"$(inherited)",
					"@executable_path/Frameworks",
				);
				MARKETING_VERSION = 1.0;
				PRODUCT_BUNDLE_IDENTIFIER = com.sep.Resonance;
				PRODUCT_NAME = "$(TARGET_NAME)";
				PROVISIONING_PROFILE_SPECIFIER = "";
				STRING_CATALOG_GENERATE_SYMBOLS = YES;
				SWIFT_APPROACHABLE_CONCURRENCY = YES;
				SWIFT_DEFAULT_ACTOR_ISOLATION = MainActor;
				SWIFT_EMIT_LOC_STRINGS = YES;
				SWIFT_UPCOMING_FEATURE_MEMBER_IMPORT_VISIBILITY = YES;
				SWIFT_VERSION = 6.0;
				TARGETED_DEVICE_FAMILY = "1,2";
			};
			name = Debug;
		};
		AE7B86B62F8593FC00487A85 /* Release */ = {
			isa = XCBuildConfiguration;
			buildSettings = {
				ASSETCATALOG_COMPILER_APPICON_NAME = AppIcon;
				ASSETCATALOG_COMPILER_GLOBAL_ACCENT_COLOR_NAME = AccentColor;
				CODE_SIGN_ENTITLEMENTS = Resonance/Resonance.entitlements;
				CODE_SIGN_IDENTITY = "Apple Development";
				CODE_SIGN_STYLE = Automatic;
				CURRENT_PROJECT_VERSION = 1;
				DEVELOPMENT_TEAM = J8B37RB4S6;
				ENABLE_PREVIEWS = YES;
				GENERATE_INFOPLIST_FILE = YES;
				INFOPLIST_FILE = Resonance/Info.plist;
				INFOPLIST_KEY_NSAppleMusicUsageDescription = "Resonance need access to Apple Music library to use Apple Music features";
				INFOPLIST_KEY_UIApplicationSceneManifest_Generation = YES;
				INFOPLIST_KEY_UIApplicationSupportsIndirectInputEvents = YES;
				INFOPLIST_KEY_UILaunchScreen_Generation = YES;
				INFOPLIST_KEY_UISupportedInterfaceOrientations_iPad = "UIInterfaceOrientationPortrait UIInterfaceOrientationPortraitUpsideDown UIInterfaceOrientationLandscapeLeft UIInterfaceOrientationLandscapeRight";
				INFOPLIST_KEY_UISupportedInterfaceOrientations_iPhone = "UIInterfaceOrientationPortrait UIInterfaceOrientationLandscapeLeft UIInterfaceOrientationLandscapeRight";
				LD_RUNPATH_SEARCH_PATHS = (
					"$(inherited)",
					"@executable_path/Frameworks",
				);
				MARKETING_VERSION = 1.0;
				PRODUCT_BUNDLE_IDENTIFIER = com.sep.Resonance;
				PRODUCT_NAME = "$(TARGET_NAME)";
				PROVISIONING_PROFILE_SPECIFIER = "";
				STRING_CATALOG_GENERATE_SYMBOLS = YES;
				SWIFT_APPROACHABLE_CONCURRENCY = YES;
				SWIFT_DEFAULT_ACTOR_ISOLATION = MainActor;
				SWIFT_EMIT_LOC_STRINGS = YES;
				SWIFT_UPCOMING_FEATURE_MEMBER_IMPORT_VISIBILITY = YES;
				SWIFT_VERSION = 6.0;
				TARGETED_DEVICE_FAMILY = "1,2";
			};
			name = Release;
		};
		AEF100092F8CC00000100001 /* Debug */ = {
			isa = XCBuildConfiguration;
			buildSettings = {
				BUNDLE_LOADER = "$(TEST_HOST)";
				CODE_SIGN_STYLE = Automatic;
				CURRENT_PROJECT_VERSION = 1;
				DEVELOPMENT_TEAM = J8B37RB4S6;
				GENERATE_INFOPLIST_FILE = YES;
				MARKETING_VERSION = 1.0;
				PRODUCT_BUNDLE_IDENTIFIER = com.sep.ResonanceTests;
				PRODUCT_NAME = "$(TARGET_NAME)";
				SWIFT_APPROACHABLE_CONCURRENCY = YES;
				SWIFT_DEFAULT_ACTOR_ISOLATION = MainActor;
				SWIFT_EMIT_LOC_STRINGS = NO;
				SWIFT_UPCOMING_FEATURE_MEMBER_IMPORT_VISIBILITY = YES;
				SWIFT_VERSION = 6.0;
				TARGETED_DEVICE_FAMILY = "1,2";
				TEST_HOST = "$(BUILT_PRODUCTS_DIR)/Resonance.app/$(BUNDLE_EXECUTABLE_FOLDER_PATH)/Resonance";
			};
			name = Debug;
		};
		AEF1000A2F8CC00000100001 /* Release */ = {
			isa = XCBuildConfiguration;
			buildSettings = {
				BUNDLE_LOADER = "$(TEST_HOST)";
				CODE_SIGN_STYLE = Automatic;
				CURRENT_PROJECT_VERSION = 1;
				DEVELOPMENT_TEAM = J8B37RB4S6;
				GENERATE_INFOPLIST_FILE = YES;
				MARKETING_VERSION = 1.0;
				PRODUCT_BUNDLE_IDENTIFIER = com.sep.ResonanceTests;
				PRODUCT_NAME = "$(TARGET_NAME)";
				SWIFT_APPROACHABLE_CONCURRENCY = YES;
				SWIFT_DEFAULT_ACTOR_ISOLATION = MainActor;
				SWIFT_EMIT_LOC_STRINGS = NO;
				SWIFT_UPCOMING_FEATURE_MEMBER_IMPORT_VISIBILITY = YES;
				SWIFT_VERSION = 6.0;
				TARGETED_DEVICE_FAMILY = "1,2";
				TEST_HOST = "$(BUILT_PRODUCTS_DIR)/Resonance.app/$(BUNDLE_EXECUTABLE_FOLDER_PATH)/Resonance";
			};
			name = Release;
		};
/* End XCBuildConfiguration section */

/* Begin XCConfigurationList section */
		AE7B86A42F8593FA00487A85 /* Build configuration list for PBXProject "Resonance" */ = {
			isa = XCConfigurationList;
			buildConfigurations = (
				AE7B86B22F8593FC00487A85 /* Debug */,
				AE7B86B32F8593FC00487A85 /* Release */,
			);
			defaultConfigurationIsVisible = 0;
			defaultConfigurationName = Release;
		};
		AE7B86B42F8593FC00487A85 /* Build configuration list for PBXNativeTarget "Resonance" */ = {
			isa = XCConfigurationList;
			buildConfigurations = (
				AE7B86B52F8593FC00487A85 /* Debug */,
				AE7B86B62F8593FC00487A85 /* Release */,
			);
			defaultConfigurationIsVisible = 0;
			defaultConfigurationName = Release;
		};
		AEF1000B2F8CC00000100001 /* Build configuration list for PBXNativeTarget "ResonanceTests" */ = {
			isa = XCConfigurationList;
			buildConfigurations = (
				AEF100092F8CC00000100001 /* Debug */,
				AEF1000A2F8CC00000100001 /* Release */,
			);
			defaultConfigurationIsVisible = 0;
			defaultConfigurationName = Release;
		};
/* End XCConfigurationList section */

/* Begin XCRemoteSwiftPackageReference section */
		AE6E65512F899BDF003D6406 /* XCRemoteSwiftPackageReference "firebase-ios-sdk" */ = {
			isa = XCRemoteSwiftPackageReference;
			repositoryURL = "https://github.com/firebase/firebase-ios-sdk";
			requirement = {
				kind = upToNextMajorVersion;
				minimumVersion = 12.12.0;
			};
		};
		AE6E65532F89A264003D6406 /* XCRemoteSwiftPackageReference "GoogleSignIn-iOS" */ = {
			isa = XCRemoteSwiftPackageReference;
			repositoryURL = "https://github.com/google/GoogleSignIn-iOS";
			requirement = {
				kind = upToNextMajorVersion;
				minimumVersion = 9.1.0;
			};
		};
/* End XCRemoteSwiftPackageReference section */

/* Begin XCSwiftPackageProductDependency section */
		AE22FF342F94D6F30022227A /* FirebaseMessaging */ = {
			isa = XCSwiftPackageProductDependency;
			package = AE6E65512F899BDF003D6406 /* XCRemoteSwiftPackageReference "firebase-ios-sdk" */;
			productName = FirebaseMessaging;
		};
		AE22FF362F94E4F90022227A /* FirebaseFunctions */ = {
			isa = XCSwiftPackageProductDependency;
			package = AE6E65512F899BDF003D6406 /* XCRemoteSwiftPackageReference "firebase-ios-sdk" */;
			productName = FirebaseFunctions;
		};
		AE6E65542F89A264003D6406 /* GoogleSignIn */ = {
			isa = XCSwiftPackageProductDependency;
			package = AE6E65532F89A264003D6406 /* XCRemoteSwiftPackageReference "GoogleSignIn-iOS" */;
			productName = GoogleSignIn;
		};
		AE6E65562F89A264003D6406 /* GoogleSignInSwift */ = {
			isa = XCSwiftPackageProductDependency;
			package = AE6E65532F89A264003D6406 /* XCRemoteSwiftPackageReference "GoogleSignIn-iOS" */;
			productName = GoogleSignInSwift;
		};
		AE6E66232F89B752003D6406 /* FirebaseCore */ = {
			isa = XCSwiftPackageProductDependency;
			package = AE6E65512F899BDF003D6406 /* XCRemoteSwiftPackageReference "firebase-ios-sdk" */;
			productName = FirebaseCore;
		};
		AE6E66252F89B76D003D6406 /* FirebaseAuth */ = {
			isa = XCSwiftPackageProductDependency;
			package = AE6E65512F899BDF003D6406 /* XCRemoteSwiftPackageReference "firebase-ios-sdk" */;
			productName = FirebaseAuth;
		};
		AE6E66272F89B788003D6406 /* FirebaseFirestore */ = {
			isa = XCSwiftPackageProductDependency;
			package = AE6E65512F899BDF003D6406 /* XCRemoteSwiftPackageReference "firebase-ios-sdk" */;
			productName = FirebaseFirestore;
		};
		AE6E66292F89B7A0003D6406 /* FirebaseStorage */ = {
			isa = XCSwiftPackageProductDependency;
			package = AE6E65512F899BDF003D6406 /* XCRemoteSwiftPackageReference "firebase-ios-sdk" */;
			productName = FirebaseStorage;
		};
		AE7E3FAF2F92005700736FFD /* FirebaseAppCheck */ = {
			isa = XCSwiftPackageProductDependency;
			package = AE6E65512F899BDF003D6406 /* XCRemoteSwiftPackageReference "firebase-ios-sdk" */;
			productName = FirebaseAppCheck;
		};
/* End XCSwiftPackageProductDependency section */
	};
	rootObject = AE7B86A12F8593FA00487A85 /* Project object */;
}
